
Microsoft Visual Studio Solution File, Format Version 12.00
# Visual Studio Version 16
VisualStudioVersion = 16.0.31729.503
MinimumVisualStudioVersion = 10.0.40219.1
Project("{FAE04EC0-301F-11D3-BF4B-00C04F79EFBC}") = "INFO-PC", "INFO-PC_FOR_MikhailovDA\INFO-PC.csproj", "{893B03F7-13F4-4336-87F2-0B98F725CB08}"
EndProject
Global
	GlobalSection(SolutionConfigurationPlatforms) = preSolution
		Debug|Any CPU = Debug|Any CPU
		Release|Any CPU = Release|Any CPU
	EndGlobalSection
	GlobalSection(ProjectConfigurationPlatforms) = postSolution
		{893B03F7-13F4-4336-87F2-0B98F725CB08}.Debug|Any CPU.ActiveCfg = Debug|Any CPU
		{893B03F7-13F4-4336-87F2-0B98F725CB08}.Debug|Any CPU.Build.0 = Debug|Any CPU
		{893B03F7-13F4-4336-87F2-0B98F725CB08}.Release|Any CPU.ActiveCfg = Release|Any CPU
		{893B03F7-13F4-4336-87F2-0B98F725CB08}.Release|Any CPU.Build.0 = Release|Any CPU
	EndGlobalSection
	GlobalSection(SolutionProperties) = preSolution
		HideSolutionNode = FALSE
	EndGlobalSection
	GlobalSection(ExtensibilityGlobals) = postSolution
		SolutionGuid = {D374E7C9-FDCC-4391-BA99-9320EDDDD83F}
	EndGlobalSection
EndGlobal
